
Microsoft Visual Studio Solution File, Format Version 12.00
# Visual Studio 15
VisualStudioVersion = 15.0.27004.2002
MinimumVisualStudioVersion = 10.0.40219.1
Project("{FAE04EC0-301F-11D3-BF4B-00C04F79EFBC}") = "Titanfall-2-Icepick", "Titanfall-2-Icepick\Titanfall-2-Icepick.csproj", "{76230ED5-334B-4C52-96AF-DFF30231450F}"
EndProject
Global
	GlobalSection(SolutionConfigurationPlatforms) = preSolution
		Debug|Any CPU = Debug|Any CPU
		Release|Any CPU = Release|Any CPU
	EndGlobalSection
	GlobalSection(ProjectConfigurationPlatforms) = postSolution
		{76230ED5-334B-4C52-96AF-DFF30231450F}.Debug|Any CPU.ActiveCfg = Debug|Any CPU
		{76230ED5-334B-4C52-96AF-DFF30231450F}.Debug|Any CPU.Build.0 = Debug|Any CPU
		{76230ED5-334B-4C52-96AF-DFF30231450F}.Release|Any CPU.ActiveCfg = Release|Any CPU
		{76230ED5-334B-4C52-96AF-DFF30231450F}.Release|Any CPU.Build.0 = Release|Any CPU
	EndGlobalSection
	GlobalSection(SolutionProperties) = preSolution
		HideSolutionNode = FALSE
	EndGlobalSection
	GlobalSection(ExtensibilityGlobals) = postSolution
		SolutionGuid = {DDDC1F8D-A735-4FA0-BEBD-FD3FD1490B04}
	EndGlobalSection
EndGlobal
